
Microsoft Visual Studio Solution File, Format Version 12.00
# Visual Studio Version 17
VisualStudioVersion = 17.3.32929.385
MinimumVisualStudioVersion = 10.0.40219.1
Project("{9A19103F-16F7-4668-BE54-9A1E7A4F7556}") = "UIconsole", "theaterSystem\UIconsole.csproj", "{8EF1D330-35D8-4B7D-AC19-0827E67DFFDE}"
	ProjectSection(ProjectDependencies) = postProject
		{2B6E8BE9-C1C6-4F8B-8E9F-99C62AB44CF1} = {2B6E8BE9-C1C6-4F8B-8E9F-99C62AB44CF1}
	EndProjectSection
EndProject
Project("{9A19103F-16F7-4668-BE54-9A1E7A4F7556}") = "Theater", "Theater\Theater.csproj", "{5C01B466-EB7C-4B79-9378-AFC601F8DDD7}"
EndProject
Project("{9A19103F-16F7-4668-BE54-9A1E7A4F7556}") = "DataBase", "DataBase\DataBase.csproj", "{2B6E8BE9-C1C6-4F8B-8E9F-99C62AB44CF1}"
EndProject
Project("{9A19103F-16F7-4668-BE54-9A1E7A4F7556}") = "TestTheaterSystem", "TestTheaterSystem\TestTheaterSystem.csproj", "{D18D8EEB-9507-437F-AB47-62862EE5BAEE}"
	ProjectSection(ProjectDependencies) = postProject
		{2B6E8BE9-C1C6-4F8B-8E9F-99C62AB44CF1} = {2B6E8BE9-C1C6-4F8B-8E9F-99C62AB44CF1}
		{5C01B466-EB7C-4B79-9378-AFC601F8DDD7} = {5C01B466-EB7C-4B79-9378-AFC601F8DDD7}
	EndProjectSection
EndProject
Project("{9A19103F-16F7-4668-BE54-9A1E7A4F7556}") = "QueryService", "QueryService\QueryService.csproj", "{79BB76D6-8305-41D2-BD0B-475207E96513}"
EndProject
Project("{9A19103F-16F7-4668-BE54-9A1E7A4F7556}") = "UIwpf", "UIwpf\UIwpf.csproj", "{A8439D02-34C0-4E11-ACD7-53CC033F2493}"
	ProjectSection(ProjectDependencies) = postProject
		{5C01B466-EB7C-4B79-9378-AFC601F8DDD7} = {5C01B466-EB7C-4B79-9378-AFC601F8DDD7}
		{79BB76D6-8305-41D2-BD0B-475207E96513} = {79BB76D6-8305-41D2-BD0B-475207E96513}
	EndProjectSection
EndProject
Global
	GlobalSection(SolutionConfigurationPlatforms) = preSolution
		Debug|Any CPU = Debug|Any CPU
		Release|Any CPU = Release|Any CPU
	EndGlobalSection
	GlobalSection(ProjectConfigurationPlatforms) = postSolution
		{8EF1D330-35D8-4B7D-AC19-0827E67DFFDE}.Debug|Any CPU.ActiveCfg = Debug|Any CPU
		{8EF1D330-35D8-4B7D-AC19-0827E67DFFDE}.Debug|Any CPU.Build.0 = Debug|Any CPU
		{8EF1D330-35D8-4B7D-AC19-0827E67DFFDE}.Release|Any CPU.ActiveCfg = Release|Any CPU
		{8EF1D330-35D8-4B7D-AC19-0827E67DFFDE}.Release|Any CPU.Build.0 = Release|Any CPU
		{5C01B466-EB7C-4B79-9378-AFC601F8DDD7}.Debug|Any CPU.ActiveCfg = Debug|Any CPU
		{5C01B466-EB7C-4B79-9378-AFC601F8DDD7}.Debug|Any CPU.Build.0 = Debug|Any CPU
		{5C01B466-EB7C-4B79-9378-AFC601F8DDD7}.Release|Any CPU.ActiveCfg = Release|Any CPU
		{5C01B466-EB7C-4B79-9378-AFC601F8DDD7}.Release|Any CPU.Build.0 = Release|Any CPU
		{2B6E8BE9-C1C6-4F8B-8E9F-99C62AB44CF1}.Debug|Any CPU.ActiveCfg = Debug|Any CPU
		{2B6E8BE9-C1C6-4F8B-8E9F-99C62AB44CF1}.Debug|Any CPU.Build.0 = Debug|Any CPU
		{2B6E8BE9-C1C6-4F8B-8E9F-99C62AB44CF1}.Release|Any CPU.ActiveCfg = Release|Any CPU
		{2B6E8BE9-C1C6-4F8B-8E9F-99C62AB44CF1}.Release|Any CPU.Build.0 = Release|Any CPU
		{D18D8EEB-9507-437F-AB47-62862EE5BAEE}.Debug|Any CPU.ActiveCfg = Debug|Any CPU
		{D18D8EEB-9507-437F-AB47-62862EE5BAEE}.Debug|Any CPU.Build.0 = Debug|Any CPU
		{D18D8EEB-9507-437F-AB47-62862EE5BAEE}.Release|Any CPU.ActiveCfg = Release|Any CPU
		{D18D8EEB-9507-437F-AB47-62862EE5BAEE}.Release|Any CPU.Build.0 = Release|Any CPU
		{79BB76D6-8305-41D2-BD0B-475207E96513}.Debug|Any CPU.ActiveCfg = Debug|Any CPU
		{79BB76D6-8305-41D2-BD0B-475207E96513}.Debug|Any CPU.Build.0 = Debug|Any CPU
		{79BB76D6-8305-41D2-BD0B-475207E96513}.Release|Any CPU.ActiveCfg = Release|Any CPU
		{79BB76D6-8305-41D2-BD0B-475207E96513}.Release|Any CPU.Build.0 = Release|Any CPU
		{A8439D02-34C0-4E11-ACD7-53CC033F2493}.Debug|Any CPU.ActiveCfg = Debug|Any CPU
		{A8439D02-34C0-4E11-ACD7-53CC033F2493}.Debug|Any CPU.Build.0 = Debug|Any CPU
		{A8439D02-34C0-4E11-ACD7-53CC033F2493}.Release|Any CPU.ActiveCfg = Release|Any CPU
		{A8439D02-34C0-4E11-ACD7-53CC033F2493}.Release|Any CPU.Build.0 = Release|Any CPU
	EndGlobalSection
	GlobalSection(SolutionProperties) = preSolution
		HideSolutionNode = FALSE
	EndGlobalSection
	GlobalSection(ExtensibilityGlobals) = postSolution
		SolutionGuid = {0FECFDA9-3B05-4984-A331-3CBDFAFAE2CF}
	EndGlobalSection
EndGlobal
